
Microsoft Visual Studio Solution File, Format Version 12.00
# Visual Studio Version 16
VisualStudioVersion = 16.0.29709.97
MinimumVisualStudioVersion = 10.0.40219.1
Project("{9A19103F-16F7-4668-BE54-9A1E7A4F7556}") = "NHSDP_Request_handling.WEB", "NHSDP_Request_handling.WEB\NHSDP_Request_handling.WEB.csproj", "{76A6BD1C-F129-4A60-891C-390830D5D606}"
EndProject
Project("{FAE04EC0-301F-11D3-BF4B-00C04F79EFBC}") = "NHSDP_Request_handling.Core", "NHSDP_Request_handling.Core\NHSDP_Request_handling.Core.csproj", "{0989035E-9AF1-4ED6-A86D-99D89A7CD425}"
EndProject
Global
	GlobalSection(SolutionConfigurationPlatforms) = preSolution
		Debug|Any CPU = Debug|Any CPU
		Release|Any CPU = Release|Any CPU
	EndGlobalSection
	GlobalSection(ProjectConfigurationPlatforms) = postSolution
		{76A6BD1C-F129-4A60-891C-390830D5D606}.Debug|Any CPU.ActiveCfg = Debug|Any CPU
		{76A6BD1C-F129-4A60-891C-390830D5D606}.Debug|Any CPU.Build.0 = Debug|Any CPU
		{76A6BD1C-F129-4A60-891C-390830D5D606}.Release|Any CPU.ActiveCfg = Release|Any CPU
		{76A6BD1C-F129-4A60-891C-390830D5D606}.Release|Any CPU.Build.0 = Release|Any CPU
		{0989035E-9AF1-4ED6-A86D-99D89A7CD425}.Debug|Any CPU.ActiveCfg = Debug|Any CPU
		{0989035E-9AF1-4ED6-A86D-99D89A7CD425}.Debug|Any CPU.Build.0 = Debug|Any CPU
		{0989035E-9AF1-4ED6-A86D-99D89A7CD425}.Release|Any CPU.ActiveCfg = Release|Any CPU
		{0989035E-9AF1-4ED6-A86D-99D89A7CD425}.Release|Any CPU.Build.0 = Release|Any CPU
	EndGlobalSection
	GlobalSection(SolutionProperties) = preSolution
		HideSolutionNode = FALSE
	EndGlobalSection
	GlobalSection(ExtensibilityGlobals) = postSolution
		SolutionGuid = {D59BCF9A-F4D7-43A8-9E28-54F9E24A6302}
	EndGlobalSection
EndGlobal
